{
  "nodes": {
    "crane": {
      "locked": {
        "lastModified": 1765145449,
        "narHash": "sha256-aBVHGWWRzSpfL++LubA0CwOOQ64WNLegrYHwsVuVN7A=",
        "owner": "ipetkov",
        "repo": "crane",
        "rev": "69f538cdce5955fcd47abfed4395dc6d5194c1c5",
        "type": "github"
      },
      "original": {
        "owner": "ipetkov",
        "repo": "crane",
        "type": "github"
      }
    },
    "fenix": {
      "inputs": {
        "nixpkgs": [
          "fresh",
          "nixpkgs"
        ],
        "rust-analyzer-src": "rust-analyzer-src"
      },
      "locked": {
        "lastModified": 1765435813,
        "narHash": "sha256-C6tT7K1Lx6VsYw1BY5S3OavtapUvEnDQtmQB5DSgbCc=",
        "owner": "nix-community",
        "repo": "fenix",
        "rev": "6399553b7a300c77e7f07342904eb696a5b6bf9d",
        "type": "github"
      },
      "original": {
        "owner": "nix-community",
        "repo": "fenix",
        "type": "github"
      }
    },
    "flake-compat": {
      "flake": false,
      "locked": {
        "lastModified": 1767039857,
        "narHash": "sha256-vNpUSpF5Nuw8xvDLj2KCwwksIbjua2LZCqhV1LNRDns=",
        "owner": "NixOS",
        "repo": "flake-compat",
        "rev": "5edf11c44bc78a0d334f6334cdaf7d60d732daab",
        "type": "github"
      },
      "original": {
        "owner": "NixOS",
        "repo": "flake-compat",
        "type": "github"
      }
    },
    "flake-parts": {
      "inputs": {
        "nixpkgs-lib": "nixpkgs-lib"
      },
      "locked": {
        "lastModified": 1768135262,
        "narHash": "sha256-PVvu7OqHBGWN16zSi6tEmPwwHQ4rLPU9Plvs8/1TUBY=",
        "owner": "hercules-ci",
        "repo": "flake-parts",
        "rev": "80daad04eddbbf5a4d883996a73f3f542fa437ac",
        "type": "github"
      },
      "original": {
        "owner": "hercules-ci",
        "repo": "flake-parts",
        "type": "github"
      }
    },
    "fresh": {
      "inputs": {
        "crane": "crane",
        "fenix": "fenix",
        "flake-compat": "flake-compat",
        "flake-parts": "flake-parts",
        "nixpkgs": [
          "nixpkgs"
        ]
      },
      "locked": {
        "lastModified": 1786627483,
        "narHash": "sha256-QD5wvR6+4AnZtsIGVz1OOiXOwXt9fYVoXRBt/N1E8x4=",
        "owner": "sinelaw",
        "repo": "fresh",
        "rev": "a8afb4dc0151253fc6b41304b3b627881ff98836",
        "type": "github"
      },
      "original": {
        "owner": "sinelaw",
        "repo": "fresh",
        "type": "github"
      }
    },
    "home-manager": {
      "inputs": {
        "nixpkgs": [
          "nixpkgs"
        ]
      },
      "locked": {
        "lastModified": 1786630952,
        "narHash": "sha256-a952+jEQ1I6sMd6yzi2GIsO/EFNtEFvzwbJ+oOG9Cg0=",
        "owner": "nix-community",
        "repo": "home-manager",
        "rev": "2d1bac51b2513914ace47797765c3265164de78e",
        "type": "github"
      },
      "original": {
        "owner": "nix-community",
        "repo": "home-manager",
        "type": "github"
      }
    },
    "niri": {
      "inputs": {
        "niri-stable": "niri-stable",
        "niri-unstable": "niri-unstable",
        "nixpkgs": [
          "nixpkgs"
        ],
        "nixpkgs-stable": "nixpkgs-stable",
        "xwayland-satellite-stable": "xwayland-satellite-stable",
        "xwayland-satellite-unstable": "xwayland-satellite-unstable"
      },
      "locked": {
        "lastModified": 1785853574,
        "narHash": "sha256-0MC655IL3/0myYf3wHnFM5kBulwqNUWPEpIJdkDnRl4=",
        "owner": "epireyn",
        "repo": "niri-flake",
        "rev": "1d949fec51b2776c97d340d474ea699904148b02",
        "type": "github"
      },
      "original": {
        "owner": "epireyn",
        "ref": "very-refactor",
        "repo": "niri-flake",
        "type": "github"
      }
    },
    "niri-animations": {
      "flake": false,
      "locked": {
        "lastModified": 1775538886,
        "narHash": "sha256-DgoudR6etn+t5eYplPcOISPuWMRAulW6ZOCTsyFHi2w=",
        "owner": "jgarza9788",
        "repo": "niri-animation-collection",
        "rev": "aa26f4e157b818630cb281f6e1968b641c079d69",
        "type": "github"
      },
      "original": {
        "owner": "jgarza9788",
        "repo": "niri-animation-collection",
        "type": "github"
      }
    },
    "niri-stable": {
      "flake": false,
      "locked": {
        "lastModified": 1777115961,
        "narHash": "sha256-ehSMsSpE+0k8r+2Vseu8kangsYxToZv3vinynsDp9zs=",
        "owner": "niri-wm",
        "repo": "niri",
        "rev": "8ed0da44d974c32c6877d2f4630c314da0717ecb",
        "type": "github"
      },
      "original": {
        "owner": "niri-wm",
        "ref": "v26.04",
        "repo": "niri",
        "type": "github"
      }
    },
    "niri-unstable": {
      "flake": false,
      "locked": {
        "lastModified": 1785701241,
        "narHash": "sha256-ircVOzPWRircI39ac/tqJajr5OoJxEVrDlBb05TULEk=",
        "owner": "niri-wm",
        "repo": "niri",
        "rev": "feb3e43f1475e0865bb89cbd1e898b34d1d2ccf6",
        "type": "github"
      },
      "original": {
        "owner": "niri-wm",
        "repo": "niri",
        "type": "github"
      }
    },
    "nixpkgs": {
      "locked": {
        "lastModified": 1786599213,
        "narHash": "sha256-yNJd40f11EzXBjSByCB7IPpeFFAdeoSKKM67dGkfFoU=",
        "owner": "NixOS",
        "repo": "nixpkgs",
        "rev": "0e251e24a4f24e036a084b6b4b2d2491af4167f4",
        "type": "github"
      },
      "original": {
        "owner": "NixOS",
        "ref": "nixos-unstable",
        "repo": "nixpkgs",
        "type": "github"
      }
    },
    "nixpkgs-lib": {
      "locked": {
        "lastModified": 1765674936,
        "narHash": "sha256-k00uTP4JNfmejrCLJOwdObYC9jHRrr/5M/a/8L2EIdo=",
        "owner": "nix-community",
        "repo": "nixpkgs.lib",
        "rev": "2075416fcb47225d9b68ac469a5c4801a9c4dd85",
        "type": "github"
      },
      "original": {
        "owner": "nix-community",
        "repo": "nixpkgs.lib",
        "type": "github"
      }
    },
    "nixpkgs-stable": {
      "locked": {
        "lastModified": 1785734586,
        "narHash": "sha256-ODZkEK9Gy50yg6h98u7KkitZ3oc/uuTFK00bh1CRdNA=",
        "owner": "NixOS",
        "repo": "nixpkgs",
        "rev": "531670d871c0e29724a02f3cbcac170adc65b58c",
        "type": "github"
      },
      "original": {
        "owner": "NixOS",
        "ref": "nixos-26.05",
        "repo": "nixpkgs",
        "type": "github"
      }
    },
    "noctalia": {
      "inputs": {
        "nixpkgs": [
          "nixpkgs"
        ]
      },
      "locked": {
        "lastModified": 1787160176,
        "narHash": "sha256-uqDHCNgaB0l0UYN5rXksMwkaFOYgkZv2nZ1imPtlK5I=",
        "owner": "noctalia-dev",
        "repo": "noctalia",
        "rev": "a4575781d7e9c432a58832b04e0cda310bd22b71",
        "type": "github"
      },
      "original": {
        "owner": "noctalia-dev",
        "repo": "noctalia",
        "type": "github"
      }
    },
    "noctalia-greeter": {
      "inputs": {
        "nixpkgs": [
          "nixpkgs"
        ]
      },
      "locked": {
        "lastModified": 1786629848,
        "narHash": "sha256-BirQDmeTuXWIR2/L3Y1Qw9bqmFJaHit4eMW78oNw1P0=",
        "owner": "noctalia-dev",
        "repo": "noctalia-greeter",
        "rev": "1a1e00afa33fc157c8eb5aba26ecaf79d212e005",
        "type": "github"
      },
      "original": {
        "owner": "noctalia-dev",
        "repo": "noctalia-greeter",
        "type": "github"
      }
    },
    "root": {
      "inputs": {
        "fresh": "fresh",
        "home-manager": "home-manager",
        "niri": "niri",
        "niri-animations": "niri-animations",
        "nixpkgs": "nixpkgs",
        "noctalia": "noctalia",
        "noctalia-greeter": "noctalia-greeter",
        "umbriel": "umbriel",
        "xdg-desktop-portal-umbriel": "xdg-desktop-portal-umbriel"
      }
    },
    "rust-analyzer-src": {
      "flake": false,
      "locked": {
        "lastModified": 1765400135,
        "narHash": "sha256-D3+4hfNwUhG0fdCpDhOASLwEQ1jKuHi4mV72up4kLQM=",
        "owner": "rust-lang",
        "repo": "rust-analyzer",
        "rev": "fface27171988b3d605ef45cf986c25533116f7e",
        "type": "github"
      },
      "original": {
        "owner": "rust-lang",
        "ref": "nightly",
        "repo": "rust-analyzer",
        "type": "github"
      }
    },
    "umbriel": {
      "inputs": {
        "nixpkgs": [
          "nixpkgs"
        ]
      },
      "locked": {
        "lastModified": 1787577791,
        "narHash": "sha256-9RpHQx9Cmyd56NnjnGfQ+ruaf+ellmWDilLkB0B+jGY=",
        "ref": "refs/heads/main",
        "rev": "f0887075286bc4928ef29d1b629f8b4baa2309a8",
        "revCount": 491,
        "submodules": true,
        "type": "git",
        "url": "https://github.com/noctalia-dev/umbriel"
      },
      "original": {
        "type": "git",
        "url": "https://github.com/noctalia-dev/umbriel"
      }
    },
    "xdg-desktop-portal-umbriel": {
      "inputs": {
        "nixpkgs": [
          "nixpkgs"
        ]
      },
      "locked": {
        "lastModified": 1787324663,
        "narHash": "sha256-/2bD6z4CNZZu7dVz/DPoin/CH921902FZOUe7f1q1hg=",
        "owner": "noctalia-dev",
        "repo": "xdg-desktop-portal-umbriel",
        "rev": "90171b7aafa3d94594b7ae3ba68428730cde1f45",
        "type": "github"
      },
      "original": {
        "owner": "noctalia-dev",
        "repo": "xdg-desktop-portal-umbriel",
        "type": "github"
      }
    },
    "xwayland-satellite-stable": {
      "flake": false,
      "locked": {
        "lastModified": 1771195969,
        "narHash": "sha256-BUE41HjLIGPjq3U8VXPjf8asH8GaMI7FYdgrIHKFMXA=",
        "owner": "Supreeeme",
        "repo": "xwayland-satellite",
        "rev": "536bd32efc935bf876d6de385ec18a1b715c9358",
        "type": "github"
      },
      "original": {
        "owner": "Supreeeme",
        "ref": "v0.8.1",
        "repo": "xwayland-satellite",
        "type": "github"
      }
    },
    "xwayland-satellite-unstable": {
      "flake": false,
      "locked": {
        "lastModified": 1784679892,
        "narHash": "sha256-Mb7jpqnrcYCfNSItIkkHpuR3YxWFxPuIBfcwNKlRBkk=",
        "owner": "Supreeeme",
        "repo": "xwayland-satellite",
        "rev": "8d135d3b2854b30fd01ea6cd6c27e523dd50a839",
        "type": "github"
      },
      "original": {
        "owner": "Supreeeme",
        "repo": "xwayland-satellite",
        "type": "github"
      }
    }
  },
  "root": "root",
  "version": 7
}
